
Microsoft Visual Studio Solution File, Format Version 12.00
# Visual Studio Version 17
VisualStudioVersion = 17.14.36915.13 d17.14
MinimumVisualStudioVersion = 10.0.40219.1
Project("{FAE04EC0-301F-11D3-BF4B-00C04F79EFBC}") = "Assignment 5 fr ts time", "Assignment 5 fr ts time.csproj", "{52133AD7-4B9F-486A-8C7F-FC266F401AC1}"
EndProject
Global
	GlobalSection(SolutionConfigurationPlatforms) = preSolution
		Debug|Any CPU = Debug|Any CPU
		Release|Any CPU = Release|Any CPU
	EndGlobalSection
	GlobalSection(ProjectConfigurationPlatforms) = postSolution
		{52133AD7-4B9F-486A-8C7F-FC266F401AC1}.Debug|Any CPU.ActiveCfg = Debug|Any CPU
		{52133AD7-4B9F-486A-8C7F-FC266F401AC1}.Debug|Any CPU.Build.0 = Debug|Any CPU
		{52133AD7-4B9F-486A-8C7F-FC266F401AC1}.Release|Any CPU.ActiveCfg = Release|Any CPU
		{52133AD7-4B9F-486A-8C7F-FC266F401AC1}.Release|Any CPU.Build.0 = Release|Any CPU
	EndGlobalSection
	GlobalSection(SolutionProperties) = preSolution
		HideSolutionNode = FALSE
	EndGlobalSection
	GlobalSection(ExtensibilityGlobals) = postSolution
		SolutionGuid = {172DFA28-D349-45A7-8495-D9DFA36DE70D}
	EndGlobalSection
EndGlobal
